// !$*UTF8*$!
{
	archiveVersion = 1;
	classes = {
	};
	objectVersion = 55;
	objects = {

/* Begin PBXBuildFile section */
		18338C7327EDE2A20055F6B7 /* AppDelegate.swift in Sources */ = {isa = PBXBuildFile; fileRef = 18338C7227EDE2A20055F6B7 /* AppDelegate.swift */; };
		18338C7527EDE2A20055F6B7 /* SceneDelegate.swift in Sources */ = {isa = PBXBuildFile; fileRef = 18338C7427EDE2A20055F6B7 /* SceneDelegate.swift */; };
		18338C7727EDE2A20055F6B7 /* ViewController.swift in Sources */ = {isa = PBXBuildFile; fileRef = 18338C7627EDE2A20055F6B7 /* ViewController.swift */; };
		18338C7A27EDE2A20055F6B7 /* Main.storyboard in Resources */ = {isa = PBXBuildFile; fileRef = 18338C7827EDE2A20055F6B7 /* Main.storyboard */; };
		18338C7C27EDE2A50055F6B7 /* Assets.xcassets in Resources */ = {isa = PBXBuildFile; fileRef = 18338C7B27EDE2A50055F6B7 /* Assets.xcassets */; };
		18338C7F27EDE2A50055F6B7 /* LaunchScreen.storyboard in Resources */ = {isa = PBXBuildFile; fileRef = 18338C7D27EDE2A50055F6B7 /* LaunchScreen.storyboard */; };
		18338C8A27EDE2A60055F6B7 /* TableCustomTests.swift in Sources */ = {isa = PBXBuildFile; fileRef = 18338C8927EDE2A60055F6B7 /* TableCustomTests.swift */; };
		18338C9427EDE2A60055F6B7 /* TableCustomUITests.swift in Sources */ = {isa = PBXBuildFile; fileRef = 18338C9327EDE2A60055F6B7 /* TableCustomUITests.swift */; };
		18338C9627EDE2A60055F6B7 /* TableCustomUITestsLaunchTests.swift in Sources */ = {isa = PBXBuildFile; fileRef = 18338C9527EDE2A60055F6B7 /* TableCustomUITestsLaunchTests.swift */; };
		18338CA327EDE5840055F6B7 /* customTableCell.swift in Sources */ = {isa = PBXBuildFile; fileRef = 18338CA227EDE5840055F6B7 /* customTableCell.swift */; };
/* End PBXBuildFile section */

/* Begin PBXContainerItemProxy section */
		18338C8627EDE2A50055F6B7 /* PBXContainerItemProxy */ = {
			isa = PBXContainerItemProxy;
			containerPortal = 18338C6727EDE2A20055F6B7 /* Project object */;
			proxyType = 1;
			remoteGlobalIDString = 18338C6E27EDE2A20055F6B7;
			remoteInfo = TableCustom;
		};
		18338C9027EDE2A60055F6B7 /* PBXContainerItemProxy */ = {
			isa = PBXContainerItemProxy;
			containerPortal = 18338C6727EDE2A20055F6B7 /* Project object */;
			proxyType = 1;
			remoteGlobalIDString = 18338C6E27EDE2A20055F6B7;
			remoteInfo = TableCustom;
		};
/* End PBXContainerItemProxy section */

/* Begin PBXFileReference section */
		18338C6F27EDE2A20055F6B7 /* TableCustom.app */ = {isa = PBXFileReference; explicitFileType = wrapper.application; includeInIndex = 0; path = TableCustom.app; sourceTree = BUILT_PRODUCTS_DIR; };
		18338C7227EDE2A20055F6B7 /* AppDelegate.swift */ = {isa = PBXFileReference; lastKnownFileType = sourcecode.swift; path = AppDelegate.swift; sourceTree = "<group>"; };
		18338C7427EDE2A20055F6B7 /* SceneDelegate.swift */ = {isa = PBXFileReference; lastKnownFileType = sourcecode.swift; path = SceneDelegate.swift; sourceTree = "<group>"; };
		18338C7627EDE2A20055F6B7 /* ViewController.swift */ = {isa = PBXFileReference; lastKnownFileType = sourcecode.swift; path = ViewController.swift; sourceTree = "<group>"; };
		18338C7927EDE2A20055F6B7 /* Base */ = {isa = PBXFileReference; lastKnownFileType = file.storyboard; name = Base; path = Base.lproj/Main.storyboard; sourceTree = "<group>"; };
		18338C7B27EDE2A50055F6B7 /* Assets.xcassets */ = {isa = PBXFileReference; lastKnownFileType = folder.assetcatalog; path = Assets.xcassets; sourceTree = "<group>"; };
		18338C7E27EDE2A50055F6B7 /* Base */ = {isa = PBXFileReference; lastKnownFileType = file.storyboard; name = Base; path = Base.lproj/LaunchScreen.storyboard; sourceTree = "<group>"; };
		18338C8027EDE2A50055F6B7 /* Info.plist */ = {isa = PBXFileReference; lastKnownFileType = text.plist.xml; path = Info.plist; sourceTree = "<group>"; };
		18338C8527EDE2A50055F6B7 /* TableCustomTests.xctest */ = {isa = PBXFileReference; explicitFileType = wrapper.cfbundle; includeInIndex = 0; path = TableCustomTests.xctest; sourceTree = BUILT_PRODUCTS_DIR; };
		18338C8927EDE2A60055F6B7 /* TableCustomTests.swift */ = {isa = PBXFileReference; lastKnownFileType = sourcecode.swift; path = TableCustomTests.swift; sourceTree = "<group>"; };
		18338C8F27EDE2A60055F6B7 /* TableCustomUITests.xctest */ = {isa = PBXFileReference; explicitFileType = wrapper.cfbundle; includeInIndex = 0; path = TableCustomUITests.xctest; sourceTree = BUILT_PRODUCTS_DIR; };
		18338C9327EDE2A60055F6B7 /* TableCustomUITests.swift */ = {isa = PBXFileReference; lastKnownFileType = sourcecode.swift; path = TableCustomUITests.swift; sourceTree = "<group>"; };
		18338C9527EDE2A60055F6B7 /* TableCustomUITestsLaunchTests.swift */ = {isa = PBXFileReference; lastKnownFileType = sourcecode.swift; path = TableCustomUITestsLaunchTests.swift; sourceTree = "<group>"; };
		18338CA227EDE5840055F6B7 /* customTableCell.swift */ = {isa = PBXFileReference; lastKnownFileType = sourcecode.swift; path = customTableCell.swift; sourceTree = "<group>"; };
/* End PBXFileReference section */

/* Begin PBXFrameworksBuildPhase section */
		18338C6C27EDE2A20055F6B7 /* Frameworks */ = {
			isa = PBXFrameworksBuildPhase;
			buildActionMask = 2147483647;
			files = (
			);
			runOnlyForDeploymentPostprocessing = 0;
		};
		18338C8227EDE2A50055F6B7 /* Frameworks */ = {
			isa = PBXFrameworksBuildPhase;
			buildActionMask = 2147483647;
			files = (
			);
			runOnlyForDeploymentPostprocessing = 0;
		};
		18338C8C27EDE2A60055F6B7 /* Frameworks */ = {
			isa = PBXFrameworksBuildPhase;
			buildActionMask = 2147483647;
			files = (
			);
			runOnlyForDeploymentPostprocessing = 0;
		};
/* End PBXFrameworksBuildPhase section */

/* Begin PBXGroup section */
		18338C6627EDE2A20055F6B7 = {
			isa = PBXGroup;
			children = (
				18338C7127EDE2A20055F6B7 /* TableCustom */,
				18338C8827EDE2A60055F6B7 /* TableCustomTests */,
				18338C9227EDE2A60055F6B7 /* TableCustomUITests */,
				18338C7027EDE2A20055F6B7 /* Products */,
			);
			sourceTree = "<group>";
		};
		18338C7027EDE2A20055F6B7 /* Products */ = {
			isa = PBXGroup;
			children = (
				18338C6F27EDE2A20055F6B7 /* TableCustom.app */,
				18338C8527EDE2A50055F6B7 /* TableCustomTests.xctest */,
				18338C8F27EDE2A60055F6B7 /* TableCustomUITests.xctest */,
			);
			name = Products;
			sourceTree = "<group>";
		};
		18338C7127EDE2A20055F6B7 /* TableCustom */ = {
			isa = PBXGroup;
			children = (
				18338C7227EDE2A20055F6B7 /* AppDelegate.swift */,
				18338C7427EDE2A20055F6B7 /* SceneDelegate.swift */,
				18338C7627EDE2A20055F6B7 /* ViewController.swift */,
				18338C7827EDE2A20055F6B7 /* Main.storyboard */,
				18338C7B27EDE2A50055F6B7 /* Assets.xcassets */,
				18338C7D27EDE2A50055F6B7 /* LaunchScreen.storyboard */,
				18338C8027EDE2A50055F6B7 /* Info.plist */,
				18338CA227EDE5840055F6B7 /* customTableCell.swift */,
			);
			path = TableCustom;
			sourceTree = "<group>";
		};
		18338C8827EDE2A60055F6B7 /* TableCustomTests */ = {
			isa = PBXGroup;
			children = (
				18338C8927EDE2A60055F6B7 /* TableCustomTests.swift */,
			);
			path = TableCustomTests;
			sourceTree = "<group>";
		};
		18338C9227EDE2A60055F6B7 /* TableCustomUITests */ = {
			isa = PBXGroup;
			children = (
				18338C9327EDE2A60055F6B7 /* TableCustomUITests.swift */,
				18338C9527EDE2A60055F6B7 /* TableCustomUITestsLaunchTests.swift */,
			);
			path = TableCustomUITests;
			sourceTree = "<group>";
		};
/* End PBXGroup section */

/* Begin PBXNativeTarget section */
		18338C6E27EDE2A20055F6B7 /* TableCustom */ = {
			isa = PBXNativeTarget;
			buildConfigurationList = 18338C9927EDE2A60055F6B7 /* Build configuration list for PBXNativeTarget "TableCustom" */;
			buildPhases = (
				18338C6B27EDE2A20055F6B7 /* Sources */,
				18338C6C27EDE2A20055F6B7 /* Frameworks */,
				18338C6D27EDE2A20055F6B7 /* Resources */,
			);
			buildRules = (
			);
			dependencies = (
			);
			name = TableCustom;
			productName = TableCustom;
			productReference = 18338C6F27EDE2A20055F6B7 /* TableCustom.app */;
			productType = "com.apple.product-type.application";
		};
		18338C8427EDE2A50055F6B7 /* TableCustomTests */ = {
			isa = PBXNativeTarget;
			buildConfigurationList = 18338C9C27EDE2A60055F6B7 /* Build configuration list for PBXNativeTarget "TableCustomTests" */;
			buildPhases = (
				18338C8127EDE2A50055F6B7 /* Sources */,
				18338C8227EDE2A50055F6B7 /* Frameworks */,
				18338C8327EDE2A50055F6B7 /* Resources */,
			);
			buildRules = (
			);
			dependencies = (
				18338C8727EDE2A50055F6B7 /* PBXTargetDependency */,
			);
			name = TableCustomTests;
			productName = TableCustomTests;
			productReference = 18338C8527EDE2A50055F6B7 /* TableCustomTests.xctest */;
			productType = "com.apple.product-type.bundle.unit-test";
		};
		18338C8E27EDE2A60055F6B7 /* TableCustomUITests */ = {
			isa = PBXNativeTarget;
			buildConfigurationList = 18338C9F27EDE2A60055F6B7 /* Build configuration list for PBXNativeTarget "TableCustomUITests" */;
			buildPhases = (
				18338C8B27EDE2A60055F6B7 /* Sources */,
				18338C8C27EDE2A60055F6B7 /* Frameworks */,
				18338C8D27EDE2A60055F6B7 /* Resources */,
			);
			buildRules = (
			);
			dependencies = (
				18338C9127EDE2A60055F6B7 /* PBXTargetDependency */,
			);
			name = TableCustomUITests;
			productName = TableCustomUITests;
			productReference = 18338C8F27EDE2A60055F6B7 /* TableCustomUITests.xctest */;
			productType = "com.apple.product-type.bundle.ui-testing";
		};
/* End PBXNativeTarget section */

/* Begin PBXProject section */
		18338C6727EDE2A20055F6B7 /* Project object */ = {
			isa = PBXProject;
			attributes = {
				BuildIndependentTargetsInParallel = 1;
				LastSwiftUpdateCheck = 1320;
				LastUpgradeCheck = 1320;
				TargetAttributes = {
					18338C6E27EDE2A20055F6B7 = {
						CreatedOnToolsVersion = 13.2.1;
					};
					18338C8427EDE2A50055F6B7 = {
						CreatedOnToolsVersion = 13.2.1;
						TestTargetID = 18338C6E27EDE2A20055F6B7;
					};
					18338C8E27EDE2A60055F6B7 = {
						CreatedOnToolsVersion = 13.2.1;
						TestTargetID = 18338C6E27EDE2A20055F6B7;
					};
				};
			};
			buildConfigurationList = 18338C6A27EDE2A20055F6B7 /* Build configuration list for PBXProject "TableCustom" */;
			compatibilityVersion = "Xcode 13.0";
			developmentRegion = en;
			hasScannedForEncodings = 0;
			knownRegions = (
				en,
				Base,
			);
			mainGroup = 18338C6627EDE2A20055F6B7;
			productRefGroup = 18338C7027EDE2A20055F6B7 /* Products */;
			projectDirPath = "";
			projectRoot = "";
			targets = (
				18338C6E27EDE2A20055F6B7 /* TableCustom */,
				18338C8427EDE2A50055F6B7 /* TableCustomTests */,
				18338C8E27EDE2A60055F6B7 /* TableCustomUITests */,
			);
		};
/* End PBXProject section */

/* Begin PBXResourcesBuildPhase section */
		18338C6D27EDE2A20055F6B7 /* Resources */ = {
			isa = PBXResourcesBuildPhase;
			buildActionMask = 2147483647;
			files = (
				18338C7F27EDE2A50055F6B7 /* LaunchScreen.storyboard in Resources */,
				18338C7C27EDE2A50055F6B7 /* Assets.xcassets in Resources */,
				18338C7A27EDE2A20055F6B7 /* Main.storyboard in Resources */,
			);
			runOnlyForDeploymentPostprocessing = 0;
		};
		18338C8327EDE2A50055F6B7 /* Resources */ = {
			isa = PBXResourcesBuildPhase;
			buildActionMask = 2147483647;
			files = (
			);
			runOnlyForDeploymentPostprocessing = 0;
		};
		18338C8D27EDE2A60055F6B7 /* Resources */ = {
			isa = PBXResourcesBuildPhase;
			buildActionMask = 2147483647;
			files = (
			);
			runOnlyForDeploymentPostprocessing = 0;
		};
/* End PBXResourcesBuildPhase section */

/* Begin PBXSourcesBuildPhase section */
		18338C6B27EDE2A20055F6B7 /* Sources */ = {
			isa = PBXSourcesBuildPhase;
			buildActionMask = 2147483647;
			files = (
				18338C7727EDE2A20055F6B7 /* ViewController.swift in Sources */,
				18338C7327EDE2A20055F6B7 /* AppDelegate.swift in Sources */,
				18338C7527EDE2A20055F6B7 /* SceneDelegate.swift in Sources */,
				18338CA327EDE5840055F6B7 /* customTableCell.swift in Sources */,
			);
			runOnlyForDeploymentPostprocessing = 0;
		};
		18338C8127EDE2A50055F6B7 /* Sources */ = {
			isa = PBXSourcesBuildPhase;
			buildActionMask = 2147483647;
			files = (
				18338C8A27EDE2A60055F6B7 /* TableCustomTests.swift in Sources */,
			);
			runOnlyForDeploymentPostprocessing = 0;
		};
		18338C8B27EDE2A60055F6B7 /* Sources */ = {
			isa = PBXSourcesBuildPhase;
			buildActionMask = 2147483647;
			files = (
				18338C9627EDE2A60055F6B7 /* TableCustomUITestsLaunchTests.swift in Sources */,
				18338C9427EDE2A60055F6B7 /* TableCustomUITests.swift in Sources */,
			);
			runOnlyForDeploymentPostprocessing = 0;
		};
/* End PBXSourcesBuildPhase section */

/* Begin PBXTargetDependency section */
		18338C8727EDE2A50055F6B7 /* PBXTargetDependency */ = {
			isa = PBXTargetDependency;
			target = 18338C6E27EDE2A20055F6B7 /* TableCustom */;
			targetProxy = 18338C8627EDE2A50055F6B7 /* PBXContainerItemProxy */;
		};
		18338C9127EDE2A60055F6B7 /* PBXTargetDependency */ = {
			isa = PBXTargetDependency;
			target = 18338C6E27EDE2A20055F6B7 /* TableCustom */;
			targetProxy = 18338C9027EDE2A60055F6B7 /* PBXContainerItemProxy */;
		};
/* End PBXTargetDependency section */

/* Begin PBXVariantGroup section */
		18338C7827EDE2A20055F6B7 /* Main.storyboard */ = {
			isa = PBXVariantGroup;
			children = (
				18338C7927EDE2A20055F6B7 /* Base */,
			);
			name = Main.storyboard;
			sourceTree = "<group>";
		};
		18338C7D27EDE2A50055F6B7 /* LaunchScreen.storyboard */ = {
			isa = PBXVariantGroup;
			children = (
				18338C7E27EDE2A50055F6B7 /* Base */,
			);
			name = LaunchScreen.storyboard;
			sourceTree = "<group>";
		};
/* End PBXVariantGroup section */

/* Begin XCBuildConfiguration section */
		18338C9727EDE2A60055F6B7 /* Debug */ = {
			isa = XCBuildConfiguration;
			buildSettings = {
				ALWAYS_SEARCH_USER_PATHS = NO;
				CLANG_ANALYZER_NONNULL = YES;
				CLANG_ANALYZER_NUMBER_OBJECT_CONVERSION = YES_AGGRESSIVE;
				CLANG_CXX_LANGUAGE_STANDARD = "gnu++17";
				CLANG_CXX_LIBRARY = "libc++";
				CLANG_ENABLE_MODULES = YES;
				CLANG_ENABLE_OBJC_ARC = YES;
				CLANG_ENABLE_OBJC_WEAK = YES;
				CLANG_WARN_BLOCK_CAPTURE_AUTORELEASING = YES;
				CLANG_WARN_BOOL_CONVERSION = YES;
				CLANG_WARN_COMMA = YES;
				CLANG_WARN_CONSTANT_CONVERSION = YES;
				CLANG_WARN_DEPRECATED_OBJC_IMPLEMENTATIONS = YES;
				CLANG_WARN_DIRECT_OBJC_ISA_USAGE = YES_ERROR;
				CLANG_WARN_DOCUMENTATION_COMMENTS = YES;
				CLANG_WARN_EMPTY_BODY = YES;
				CLANG_WARN_ENUM_CONVERSION = YES;
				CLANG_WARN_INFINITE_RECURSION = YES;
				CLANG_WARN_INT_CONVERSION = YES;
				CLANG_WARN_NON_LITERAL_NULL_CONVERSION = YES;
				CLANG_WARN_OBJC_IMPLICIT_RETAIN_SELF = YES;
				CLANG_WARN_OBJC_LITERAL_CONVERSION = YES;
				CLANG_WARN_OBJC_ROOT_CLASS = YES_ERROR;
				CLANG_WARN_QUOTED_INCLUDE_IN_FRAMEWORK_HEADER = YES;
				CLANG_WARN_RANGE_LOOP_ANALYSIS = YES;
				CLANG_WARN_STRICT_PROTOTYPES = YES;
				CLANG_WARN_SUSPICIOUS_MOVE = YES;
				CLANG_WARN_UNGUARDED_AVAILABILITY = YES_AGGRESSIVE;
				CLANG_WARN_UNREACHABLE_CODE = YES;
				CLANG_WARN__DUPLICATE_METHOD_MATCH = YES;
				COPY_PHASE_STRIP = NO;
				DEBUG_INFORMATION_FORMAT = dwarf;
				ENABLE_STRICT_OBJC_MSGSEND = YES;
				ENABLE_TESTABILITY = YES;
				GCC_C_LANGUAGE_STANDARD = gnu11;
				GCC_DYNAMIC_NO_PIC = NO;
				GCC_NO_COMMON_BLOCKS = YES;
				GCC_OPTIMIZATION_LEVEL = 0;
				GCC_PREPROCESSOR_DEFINITIONS = (
					"DEBUG=1",
					"$(inherited)",
				);
				GCC_WARN_64_TO_32_BIT_CONVERSION = YES;
				GCC_WARN_ABOUT_RETURN_TYPE = YES_ERROR;
				GCC_WARN_UNDECLARED_SELECTOR = YES;
				GCC_WARN_UNINITIALIZED_AUTOS = YES_AGGRESSIVE;
				GCC_WARN_UNUSED_FUNCTION = YES;
				GCC_WARN_UNUSED_VARIABLE = YES;
				IPHONEOS_DEPLOYMENT_TARGET = 15.2;
				MTL_ENABLE_DEBUG_INFO = INCLUDE_SOURCE;
				MTL_FAST_MATH = YES;
				ONLY_ACTIVE_ARCH = YES;
				SDKROOT = iphoneos;
				SWIFT_ACTIVE_COMPILATION_CONDITIONS = DEBUG;
				SWIFT_OPTIMIZATION_LEVEL = "-Onone";
			};
			name = Debug;
		};
		18338C9827EDE2A60055F6B7 /* Release */ = {
			isa = XCBuildConfiguration;
			buildSettings = {
				ALWAYS_SEARCH_USER_PATHS = NO;
				CLANG_ANALYZER_NONNULL = YES;
				CLANG_ANALYZER_NUMBER_OBJECT_CONVERSION = YES_AGGRESSIVE;
				CLANG_CXX_LANGUAGE_STANDARD = "gnu++17";
				CLANG_CXX_LIBRARY = "libc++";
				CLANG_ENABLE_MODULES = YES;
				CLANG_ENABLE_OBJC_ARC = YES;
				CLANG_ENABLE_OBJC_WEAK = YES;
				CLANG_WARN_BLOCK_CAPTURE_AUTORELEASING = YES;
				CLANG_WARN_BOOL_CONVERSION = YES;
				CLANG_WARN_COMMA = YES;
				CLANG_WARN_CONSTANT_CONVERSION = YES;
				CLANG_WARN_DEPRECATED_OBJC_IMPLEMENTATIONS = YES;
				CLANG_WARN_DIRECT_OBJC_ISA_USAGE = YES_ERROR;
				CLANG_WARN_DOCUMENTATION_COMMENTS = YES;
				CLANG_WARN_EMPTY_BODY = YES;
				CLANG_WARN_ENUM_CONVERSION = YES;
				CLANG_WARN_INFINITE_RECURSION = YES;
				CLANG_WARN_INT_CONVERSION = YES;
				CLANG_WARN_NON_LITERAL_NULL_CONVERSION = YES;
				CLANG_WARN_OBJC_IMPLICIT_RETAIN_SELF = YES;
				CLANG_WARN_OBJC_LITERAL_CONVERSION = YES;
				CLANG_WARN_OBJC_ROOT_CLASS = YES_ERROR;
				CLANG_WARN_QUOTED_INCLUDE_IN_FRAMEWORK_HEADER = YES;
				CLANG_WARN_RANGE_LOOP_ANALYSIS = YES;
				CLANG_WARN_STRICT_PROTOTYPES = YES;
				CLANG_WARN_SUSPICIOUS_MOVE = YES;
				CLANG_WARN_UNGUARDED_AVAILABILITY = YES_AGGRESSIVE;
				CLANG_WARN_UNREACHABLE_CODE = YES;
				CLANG_WARN__DUPLICATE_METHOD_MATCH = YES;
				COPY_PHASE_STRIP = NO;
				DEBUG_INFORMATION_FORMAT = "dwarf-with-dsym";
				ENABLE_NS_ASSERTIONS = NO;
				ENABLE_STRICT_OBJC_MSGSEND = YES;
				GCC_C_LANGUAGE_STANDARD = gnu11;
				GCC_NO_COMMON_BLOCKS = YES;
				GCC_WARN_64_TO_32_BIT_CONVERSION = YES;
				GCC_WARN_ABOUT_RETURN_TYPE = YES_ERROR;
				GCC_WARN_UNDECLARED_SELECTOR = YES;
				GCC_WARN_UNINITIALIZED_AUTOS = YES_AGGRESSIVE;
				GCC_WARN_UNUSED_FUNCTION = YES;
				GCC_WARN_UNUSED_VARIABLE = YES;
				IPHONEOS_DEPLOYMENT_TARGET = 15.2;
				MTL_ENABLE_DEBUG_INFO = NO;
				MTL_FAST_MATH = YES;
				SDKROOT = iphoneos;
				SWIFT_COMPILATION_MODE = wholemodule;
				SWIFT_OPTIMIZATION_LEVEL = "-O";
				VALIDATE_PRODUCT = YES;
			};
			name = Release;
		};
		18338C9A27EDE2A60055F6B7 /* Debug */ = {
			isa = XCBuildConfiguration;
			buildSettings = {
				ASSETCATALOG_COMPILER_APPICON_NAME = AppIcon;
				ASSETCATALOG_COMPILER_GLOBAL_ACCENT_COLOR_NAME = AccentColor;
				CODE_SIGN_STYLE = Automatic;
				CURRENT_PROJECT_VERSION = 1;
				GENERATE_INFOPLIST_FILE = YES;
				INFOPLIST_FILE = TableCustom/Info.plist;
				INFOPLIST_KEY_UIApplicationSupportsIndirectInputEvents = YES;
				INFOPLIST_KEY_UILaunchStoryboardName = LaunchScreen;
				INFOPLIST_KEY_UIMainStoryboardFile = Main;
				INFOPLIST_KEY_UISupportedInterfaceOrientations_iPad = "UIInterfaceOrientationPortrait UIInterfaceOrientationPortraitUpsideDown UIInterfaceOrientationLandscapeLeft UIInterfaceOrientationLandscapeRight";
				INFOPLIST_KEY_UISupportedInterfaceOrientations_iPhone = "UIInterfaceOrientationPortrait UIInterfaceOrientationLandscapeLeft UIInterfaceOrientationLandscapeRight";
				LD_RUNPATH_SEARCH_PATHS = (
					"$(inherited)",
					"@executable_path/Frameworks",
				);
				MARKETING_VERSION = 1.0;
				PRODUCT_BUNDLE_IDENTIFIER = Apurva.TableCustom;
				PRODUCT_NAME = "$(TARGET_NAME)";
				SWIFT_EMIT_LOC_STRINGS = YES;
				SWIFT_VERSION = 5.0;
				TARGETED_DEVICE_FAMILY = "1,2";
			};
			name = Debug;
		};
		18338C9B27EDE2A60055F6B7 /* Release */ = {
			isa = XCBuildConfiguration;
			buildSettings = {
				ASSETCATALOG_COMPILER_APPICON_NAME = AppIcon;
				ASSETCATALOG_COMPILER_GLOBAL_ACCENT_COLOR_NAME = AccentColor;
				CODE_SIGN_STYLE = Automatic;
				CURRENT_PROJECT_VERSION = 1;
				GENERATE_INFOPLIST_FILE = YES;
				INFOPLIST_FILE = TableCustom/Info.plist;
				INFOPLIST_KEY_UIApplicationSupportsIndirectInputEvents = YES;
				INFOPLIST_KEY_UILaunchStoryboardName = LaunchScreen;
				INFOPLIST_KEY_UIMainStoryboardFile = Main;
				INFOPLIST_KEY_UISupportedInterfaceOrientations_iPad = "UIInterfaceOrientationPortrait UIInterfaceOrientationPortraitUpsideDown UIInterfaceOrientationLandscapeLeft UIInterfaceOrientationLandscapeRight";
				INFOPLIST_KEY_UISupportedInterfaceOrientations_iPhone = "UIInterfaceOrientationPortrait UIInterfaceOrientationLandscapeLeft UIInterfaceOrientationLandscapeRight";
				LD_RUNPATH_SEARCH_PATHS = (
					"$(inherited)",
					"@executable_path/Frameworks",
				);
				MARKETING_VERSION = 1.0;
				PRODUCT_BUNDLE_IDENTIFIER = Apurva.TableCustom;
				PRODUCT_NAME = "$(TARGET_NAME)";
				SWIFT_EMIT_LOC_STRINGS = YES;
				SWIFT_VERSION = 5.0;
				TARGETED_DEVICE_FAMILY = "1,2";
			};
			name = Release;
		};
		18338C9D27EDE2A60055F6B7 /* Debug */ = {
			isa = XCBuildConfiguration;
			buildSettings = {
				ALWAYS_EMBED_SWIFT_STANDARD_LIBRARIES = YES;
				BUNDLE_LOADER = "$(TEST_HOST)";
				CODE_SIGN_STYLE = Automatic;
				CURRENT_PROJECT_VERSION = 1;
				GENERATE_INFOPLIST_FILE = YES;
				IPHONEOS_DEPLOYMENT_TARGET = 15.2;
				MARKETING_VERSION = 1.0;
				PRODUCT_BUNDLE_IDENTIFIER = Apurva.TableCustomTests;
				PRODUCT_NAME = "$(TARGET_NAME)";
				SWIFT_EMIT_LOC_STRINGS = NO;
				SWIFT_VERSION = 5.0;
				TARGETED_DEVICE_FAMILY = "1,2";
				TEST_HOST = "$(BUILT_PRODUCTS_DIR)/TableCustom.app/TableCustom";
			};
			name = Debug;
		};
		18338C9E27EDE2A60055F6B7 /* Release */ = {
			isa = XCBuildConfiguration;
			buildSettings = {
				ALWAYS_EMBED_SWIFT_STANDARD_LIBRARIES = YES;
				BUNDLE_LOADER = "$(TEST_HOST)";
				CODE_SIGN_STYLE = Automatic;
				CURRENT_PROJECT_VERSION = 1;
				GENERATE_INFOPLIST_FILE = YES;
				IPHONEOS_DEPLOYMENT_TARGET = 15.2;
				MARKETING_VERSION = 1.0;
				PRODUCT_BUNDLE_IDENTIFIER = Apurva.TableCustomTests;
				PRODUCT_NAME = "$(TARGET_NAME)";
				SWIFT_EMIT_LOC_STRINGS = NO;
				SWIFT_VERSION = 5.0;
				TARGETED_DEVICE_FAMILY = "1,2";
				TEST_HOST = "$(BUILT_PRODUCTS_DIR)/TableCustom.app/TableCustom";
			};
			name = Release;
		};
		18338CA027EDE2A60055F6B7 /* Debug */ = {
			isa = XCBuildConfiguration;
			buildSettings = {
				ALWAYS_EMBED_SWIFT_STANDARD_LIBRARIES = YES;
				CODE_SIGN_STYLE = Automatic;
				CURRENT_PROJECT_VERSION = 1;
				GENERATE_INFOPLIST_FILE = YES;
				MARKETING_VERSION = 1.0;
				PRODUCT_BUNDLE_IDENTIFIER = Apurva.TableCustomUITests;
				PRODUCT_NAME = "$(TARGET_NAME)";
				SWIFT_EMIT_LOC_STRINGS = NO;
				SWIFT_VERSION = 5.0;
				TARGETED_DEVICE_FAMILY = "1,2";
				TEST_TARGET_NAME = TableCustom;
			};
			name = Debug;
		};
		18338CA127EDE2A60055F6B7 /* Release */ = {
			isa = XCBuildConfiguration;
			buildSettings = {
				ALWAYS_EMBED_SWIFT_STANDARD_LIBRARIES = YES;
				CODE_SIGN_STYLE = Automatic;
				CURRENT_PROJECT_VERSION = 1;
				GENERATE_INFOPLIST_FILE = YES;
				MARKETING_VERSION = 1.0;
				PRODUCT_BUNDLE_IDENTIFIER = Apurva.TableCustomUITests;
				PRODUCT_NAME = "$(TARGET_NAME)";
				SWIFT_EMIT_LOC_STRINGS = NO;
				SWIFT_VERSION = 5.0;
				TARGETED_DEVICE_FAMILY = "1,2";
				TEST_TARGET_NAME = TableCustom;
			};
			name = Release;
		};
/* End XCBuildConfiguration section */

/* Begin XCConfigurationList section */
		18338C6A27EDE2A20055F6B7 /* Build configuration list for PBXProject "TableCustom" */ = {
			isa = XCConfigurationList;
			buildConfigurations = (
				18338C9727EDE2A60055F6B7 /* Debug */,
				18338C9827EDE2A60055F6B7 /* Release */,
			);
			defaultConfigurationIsVisible = 0;
			defaultConfigurationName = Release;
		};
		18338C9927EDE2A60055F6B7 /* Build configuration list for PBXNativeTarget "TableCustom" */ = {
			isa = XCConfigurationList;
			buildConfigurations = (
				18338C9A27EDE2A60055F6B7 /* Debug */,
				18338C9B27EDE2A60055F6B7 /* Release */,
			);
			defaultConfigurationIsVisible = 0;
			defaultConfigurationName = Release;
		};
		18338C9C27EDE2A60055F6B7 /* Build configuration list for PBXNativeTarget "TableCustomTests" */ = {
			isa = XCConfigurationList;
			buildConfigurations = (
				18338C9D27EDE2A60055F6B7 /* Debug */,
				18338C9E27EDE2A60055F6B7 /* Release */,
			);
			defaultConfigurationIsVisible = 0;
			defaultConfigurationName = Release;
		};
		18338C9F27EDE2A60055F6B7 /* Build configuration list for PBXNativeTarget "TableCustomUITests" */ = {
			isa = XCConfigurationList;
			buildConfigurations = (
				18338CA027EDE2A60055F6B7 /* Debug */,
				18338CA127EDE2A60055F6B7 /* Release */,
			);
			defaultConfigurationIsVisible = 0;
			defaultConfigurationName = Release;
		};
/* End XCConfigurationList section */
	};
	rootObject = 18338C6727EDE2A20055F6B7 /* Project object */;
}
